
Microsoft Visual Studio Solution File, Format Version 12.00
# Visual Studio 15
VisualStudioVersion = 15.0.26730.16
MinimumVisualStudioVersion = 10.0.40219.1
Project("{E24C65DC-7377-472B-9ABA-BC803B73C61A}") = "ftp://moonpubn.startlogic.com", "ftp://moonpubn.startlogic.com", "{90F3246D-411A-4D11-BF25-F94CE72D7BCB}"
	ProjectSection(WebsiteProperties) = preProject
		TargetFrameworkMoniker = ".NETFramework,Version%3Dv4.0"
		Debug.AspNetCompiler.VirtualPath = "/moonpubn.startlogic.com"
		Debug.AspNetCompiler.PhysicalPath = "..\..\..\AppData\Local\Temp\VWDWebCache\ftp_moonpubn.startlogic.com_wschindler\"
		Debug.AspNetCompiler.TargetPath = "PrecompiledWeb\moonpubn.startlogic.com\"
		Debug.AspNetCompiler.Updateable = "true"
		Debug.AspNetCompiler.ForceOverwrite = "true"
		Debug.AspNetCompiler.FixedNames = "false"
		Debug.AspNetCompiler.Debug = "True"
		Release.AspNetCompiler.VirtualPath = "/moonpubn.startlogic.com"
		Release.AspNetCompiler.PhysicalPath = "..\..\..\AppData\Local\Temp\VWDWebCache\ftp_moonpubn.startlogic.com_wschindler\"
		Release.AspNetCompiler.TargetPath = "PrecompiledWeb\moonpubn.startlogic.com\"
		Release.AspNetCompiler.Updateable = "true"
		Release.AspNetCompiler.ForceOverwrite = "true"
		Release.AspNetCompiler.FixedNames = "false"
		Release.AspNetCompiler.Debug = "False"
	EndProjectSection
EndProject
Global
	GlobalSection(SolutionConfigurationPlatforms) = preSolution
		Debug|Any CPU = Debug|Any CPU
	EndGlobalSection
	GlobalSection(ProjectConfigurationPlatforms) = postSolution
		{90F3246D-411A-4D11-BF25-F94CE72D7BCB}.Debug|Any CPU.ActiveCfg = Debug|Any CPU
		{90F3246D-411A-4D11-BF25-F94CE72D7BCB}.Debug|Any CPU.Build.0 = Debug|Any CPU
	EndGlobalSection
	GlobalSection(SolutionProperties) = preSolution
		HideSolutionNode = FALSE
	EndGlobalSection
	GlobalSection(ExtensibilityGlobals) = postSolution
		SolutionGuid = {FFF45AF5-D4D5-4FB1-BF39-68E50EAF32BA}
	EndGlobalSection
EndGlobal
